
Microsoft Visual Studio Solution File, Format Version 12.00
# Visual Studio Version 17
VisualStudioVersion = 17.9.34622.214
MinimumVisualStudioVersion = 10.0.40219.1
Project("{8BC9CEB8-8B4A-11D0-8D11-00A0C91BC942}") = "Sandbox", "..\Sandbox\Sandbox.vcxproj", "{6FAFEAA0-15EF-435B-9DB6-C15E7BB576EA}"
EndProject
Project("{8BC9CEB8-8B4A-11D0-8D11-00A0C91BC942}") = "Razel", "Razel.vcxproj", "{66B426E2-2B66-4C39-BAAD-55DC47C3C954}"
EndProject
Global
	GlobalSection(SolutionConfigurationPlatforms) = preSolution
		Debug|x64 = Debug|x64
		Release|x64 = Release|x64
	EndGlobalSection
	GlobalSection(ProjectConfigurationPlatforms) = postSolution
		{66B426E2-2B66-4C39-BAAD-55DC47C3C954}.Debug|x64.ActiveCfg = Debug|x64
		{66B426E2-2B66-4C39-BAAD-55DC47C3C954}.Debug|x64.Build.0 = Debug|x64
		{66B426E2-2B66-4C39-BAAD-55DC47C3C954}.Release|x64.ActiveCfg = Release|x64
		{66B426E2-2B66-4C39-BAAD-55DC47C3C954}.Release|x64.Build.0 = Release|x64
		{6FAFEAA0-15EF-435B-9DB6-C15E7BB576EA}.Debug|x64.ActiveCfg = Debug|x64
		{6FAFEAA0-15EF-435B-9DB6-C15E7BB576EA}.Debug|x64.Build.0 = Debug|x64
		{6FAFEAA0-15EF-435B-9DB6-C15E7BB576EA}.Release|x64.ActiveCfg = Release|x64
		{6FAFEAA0-15EF-435B-9DB6-C15E7BB576EA}.Release|x64.Build.0 = Release|x64
	EndGlobalSection
	GlobalSection(SolutionProperties) = preSolution
		HideSolutionNode = FALSE
	EndGlobalSection
	GlobalSection(ExtensibilityGlobals) = postSolution
		SolutionGuid = {1E2B7F53-4A91-4098-9EEC-F9C4708F9C7B}
	EndGlobalSection
EndGlobal
